
Microsoft Visual Studio Solution File, Format Version 12.00
# Visual Studio Version 16
VisualStudioVersion = 16.0.30114.105
MinimumVisualStudioVersion = 10.0.40219.1
Project("{9A19103F-16F7-4668-BE54-9A1E7A4F7556}") = "Stats", "Stats.csproj", "{F5FE66B0-9A72-4E22-833A-818915625C91}"
EndProject
Project("{9A19103F-16F7-4668-BE54-9A1E7A4F7556}") = "StatsUnitTests", "..\KRpgLibUnitTests\StatsUnitTests.csproj", "{6D49440F-53D0-41A0-8F32-5EFB81B53726}"
EndProject
Project("{9A19103F-16F7-4668-BE54-9A1E7A4F7556}") = "Flags", "..\Flags\Flags.csproj", "{F10823F7-2884-4E27-9C12-DA2323F6F28E}"
EndProject
Project("{9A19103F-16F7-4668-BE54-9A1E7A4F7556}") = "FlagsUnitTests", "..\FlagsUnitTests\FlagsUnitTests.csproj", "{55199C1E-A8D1-40D5-B171-DF97635C89C7}"
EndProject
Project("{9A19103F-16F7-4668-BE54-9A1E7A4F7556}") = "Mods", "..\Mods\Mods.csproj", "{244ED457-445B-4DE6-BAB0-C7A785013FE4}"
EndProject
Project("{9A19103F-16F7-4668-BE54-9A1E7A4F7556}") = "Utility", "..\Utility\Utility.csproj", "{F02493FB-D1A3-4F44-BCF4-01DE6B7C0A28}"
EndProject
Project("{9A19103F-16F7-4668-BE54-9A1E7A4F7556}") = "UtilityTests", "..\UtilityTests\UtilityTests.csproj", "{02F79080-B440-41FF-95BA-41CDE1450D90}"
EndProject
Project("{9A19103F-16F7-4668-BE54-9A1E7A4F7556}") = "ModsUnitTests", "..\ModsUnitTests\ModsUnitTests.csproj", "{94FF88E3-DF93-4D32-B862-9F09E4D674BF}"
	ProjectSection(ProjectDependencies) = postProject
		{244ED457-445B-4DE6-BAB0-C7A785013FE4} = {244ED457-445B-4DE6-BAB0-C7A785013FE4}
	EndProjectSection
EndProject
Project("{9A19103F-16F7-4668-BE54-9A1E7A4F7556}") = "Counters", "..\Counters\Counters.csproj", "{7AFDA920-A61D-4A5F-80CF-9F122E75AB2A}"
EndProject
Project("{9A19103F-16F7-4668-BE54-9A1E7A4F7556}") = "CountersIntegration", "..\CountersIntegration\CountersIntegration.csproj", "{E4553315-5336-46B9-8DDD-0A88DA946EB3}"
EndProject
Project("{9A19103F-16F7-4668-BE54-9A1E7A4F7556}") = "Items", "..\Items\Items.csproj", "{AAC2E2CD-3290-44B0-ABDD-8AA995A5458B}"
EndProject
Project("{9A19103F-16F7-4668-BE54-9A1E7A4F7556}") = "Investments", "..\Passives\Investments.csproj", "{EAA9EC4A-D557-4818-A9A2-AB239B4CB8EE}"
EndProject
Global
	GlobalSection(SolutionConfigurationPlatforms) = preSolution
		Debug|Any CPU = Debug|Any CPU
		Release|Any CPU = Release|Any CPU
	EndGlobalSection
	GlobalSection(ProjectConfigurationPlatforms) = postSolution
		{F5FE66B0-9A72-4E22-833A-818915625C91}.Debug|Any CPU.ActiveCfg = Debug|Any CPU
		{F5FE66B0-9A72-4E22-833A-818915625C91}.Debug|Any CPU.Build.0 = Debug|Any CPU
		{F5FE66B0-9A72-4E22-833A-818915625C91}.Release|Any CPU.ActiveCfg = Release|Any CPU
		{F5FE66B0-9A72-4E22-833A-818915625C91}.Release|Any CPU.Build.0 = Release|Any CPU
		{6D49440F-53D0-41A0-8F32-5EFB81B53726}.Debug|Any CPU.ActiveCfg = Debug|Any CPU
		{6D49440F-53D0-41A0-8F32-5EFB81B53726}.Debug|Any CPU.Build.0 = Debug|Any CPU
		{6D49440F-53D0-41A0-8F32-5EFB81B53726}.Release|Any CPU.ActiveCfg = Release|Any CPU
		{6D49440F-53D0-41A0-8F32-5EFB81B53726}.Release|Any CPU.Build.0 = Release|Any CPU
		{F10823F7-2884-4E27-9C12-DA2323F6F28E}.Debug|Any CPU.ActiveCfg = Debug|Any CPU
		{F10823F7-2884-4E27-9C12-DA2323F6F28E}.Debug|Any CPU.Build.0 = Debug|Any CPU
		{F10823F7-2884-4E27-9C12-DA2323F6F28E}.Release|Any CPU.ActiveCfg = Release|Any CPU
		{F10823F7-2884-4E27-9C12-DA2323F6F28E}.Release|Any CPU.Build.0 = Release|Any CPU
		{55199C1E-A8D1-40D5-B171-DF97635C89C7}.Debug|Any CPU.ActiveCfg = Debug|Any CPU
		{55199C1E-A8D1-40D5-B171-DF97635C89C7}.Debug|Any CPU.Build.0 = Debug|Any CPU
		{55199C1E-A8D1-40D5-B171-DF97635C89C7}.Release|Any CPU.ActiveCfg = Release|Any CPU
		{55199C1E-A8D1-40D5-B171-DF97635C89C7}.Release|Any CPU.Build.0 = Release|Any CPU
		{244ED457-445B-4DE6-BAB0-C7A785013FE4}.Debug|Any CPU.ActiveCfg = Debug|Any CPU
		{244ED457-445B-4DE6-BAB0-C7A785013FE4}.Debug|Any CPU.Build.0 = Debug|Any CPU
		{244ED457-445B-4DE6-BAB0-C7A785013FE4}.Release|Any CPU.ActiveCfg = Release|Any CPU
		{244ED457-445B-4DE6-BAB0-C7A785013FE4}.Release|Any CPU.Build.0 = Release|Any CPU
		{F02493FB-D1A3-4F44-BCF4-01DE6B7C0A28}.Debug|Any CPU.ActiveCfg = Debug|Any CPU
		{F02493FB-D1A3-4F44-BCF4-01DE6B7C0A28}.Debug|Any CPU.Build.0 = Debug|Any CPU
		{F02493FB-D1A3-4F44-BCF4-01DE6B7C0A28}.Release|Any CPU.ActiveCfg = Release|Any CPU
		{F02493FB-D1A3-4F44-BCF4-01DE6B7C0A28}.Release|Any CPU.Build.0 = Release|Any CPU
		{02F79080-B440-41FF-95BA-41CDE1450D90}.Debug|Any CPU.ActiveCfg = Debug|Any CPU
		{02F79080-B440-41FF-95BA-41CDE1450D90}.Debug|Any CPU.Build.0 = Debug|Any CPU
		{02F79080-B440-41FF-95BA-41CDE1450D90}.Release|Any CPU.ActiveCfg = Release|Any CPU
		{02F79080-B440-41FF-95BA-41CDE1450D90}.Release|Any CPU.Build.0 = Release|Any CPU
		{94FF88E3-DF93-4D32-B862-9F09E4D674BF}.Debug|Any CPU.ActiveCfg = Debug|Any CPU
		{94FF88E3-DF93-4D32-B862-9F09E4D674BF}.Debug|Any CPU.Build.0 = Debug|Any CPU
		{94FF88E3-DF93-4D32-B862-9F09E4D674BF}.Release|Any CPU.ActiveCfg = Release|Any CPU
		{94FF88E3-DF93-4D32-B862-9F09E4D674BF}.Release|Any CPU.Build.0 = Release|Any CPU
		{7AFDA920-A61D-4A5F-80CF-9F122E75AB2A}.Debug|Any CPU.ActiveCfg = Debug|Any CPU
		{7AFDA920-A61D-4A5F-80CF-9F122E75AB2A}.Debug|Any CPU.Build.0 = Debug|Any CPU
		{7AFDA920-A61D-4A5F-80CF-9F122E75AB2A}.Release|Any CPU.ActiveCfg = Release|Any CPU
		{7AFDA920-A61D-4A5F-80CF-9F122E75AB2A}.Release|Any CPU.Build.0 = Release|Any CPU
		{E4553315-5336-46B9-8DDD-0A88DA946EB3}.Debug|Any CPU.ActiveCfg = Debug|Any CPU
		{E4553315-5336-46B9-8DDD-0A88DA946EB3}.Debug|Any CPU.Build.0 = Debug|Any CPU
		{E4553315-5336-46B9-8DDD-0A88DA946EB3}.Release|Any CPU.ActiveCfg = Release|Any CPU
		{E4553315-5336-46B9-8DDD-0A88DA946EB3}.Release|Any CPU.Build.0 = Release|Any CPU
		{AAC2E2CD-3290-44B0-ABDD-8AA995A5458B}.Debug|Any CPU.ActiveCfg = Debug|Any CPU
		{AAC2E2CD-3290-44B0-ABDD-8AA995A5458B}.Debug|Any CPU.Build.0 = Debug|Any CPU
		{AAC2E2CD-3290-44B0-ABDD-8AA995A5458B}.Release|Any CPU.ActiveCfg = Release|Any CPU
		{AAC2E2CD-3290-44B0-ABDD-8AA995A5458B}.Release|Any CPU.Build.0 = Release|Any CPU
		{EAA9EC4A-D557-4818-A9A2-AB239B4CB8EE}.Debug|Any CPU.ActiveCfg = Debug|Any CPU
		{EAA9EC4A-D557-4818-A9A2-AB239B4CB8EE}.Debug|Any CPU.Build.0 = Debug|Any CPU
		{EAA9EC4A-D557-4818-A9A2-AB239B4CB8EE}.Release|Any CPU.ActiveCfg = Release|Any CPU
		{EAA9EC4A-D557-4818-A9A2-AB239B4CB8EE}.Release|Any CPU.Build.0 = Release|Any CPU
	EndGlobalSection
	GlobalSection(SolutionProperties) = preSolution
		HideSolutionNode = FALSE
	EndGlobalSection
	GlobalSection(ExtensibilityGlobals) = postSolution
		SolutionGuid = {7B476A9E-8141-4EBE-8C15-CA28C4BA64EF}
	EndGlobalSection
EndGlobal
